// !$*UTF8*$!
{
	archiveVersion = 1;
	classes = {
	};
	objectVersion = 46;
	objects = {

/* Begin PBXBuildFile section */
		34BDEA2F1CF6F82A003BD89C /* main.m in Sources */ = {isa = PBXBuildFile; fileRef = 34BDEA2E1CF6F82A003BD89C /* main.m */; };
		34BDEA321CF6F82A003BD89C /* AppDelegate.m in Sources */ = {isa = PBXBuildFile; fileRef = 34BDEA311CF6F82A003BD89C /* AppDelegate.m */; };
		34BDEA351CF6F82A003BD89C /* ViewController.m in Sources */ = {isa = PBXBuildFile; fileRef = 34BDEA341CF6F82A003BD89C /* ViewController.m */; };
		34BDEA381CF6F82A003BD89C /* Main.storyboard in Resources */ = {isa = PBXBuildFile; fileRef = 34BDEA361CF6F82A003BD89C /* Main.storyboard */; };
		34BDEA3A1CF6F82A003BD89C /* Assets.xcassets in Resources */ = {isa = PBXBuildFile; fileRef = 34BDEA391CF6F82A003BD89C /* Assets.xcassets */; };
		34BDEA3D1CF6F82A003BD89C /* LaunchScreen.storyboard in Resources */ = {isa = PBXBuildFile; fileRef = 34BDEA3B1CF6F82A003BD89C /* LaunchScreen.storyboard */; };
/* End PBXBuildFile section */

/* Begin PBXFileReference section */
		34BDEA2A1CF6F82A003BD89C /* Test.app */ = {isa = PBXFileReference; explicitFileType = wrapper.application; includeInIndex = 0; path = Test.app; sourceTree = BUILT_PRODUCTS_DIR; };
		34BDEA2E1CF6F82A003BD89C /* main.m */ = {isa = PBXFileReference; lastKnownFileType = sourcecode.c.objc; path = main.m; sourceTree = "<group>"; };
		34BDEA301CF6F82A003BD89C /* AppDelegate.h */ = {isa = PBXFileReference; lastKnownFileType = sourcecode.c.h; path = AppDelegate.h; sourceTree = "<group>"; };
		34BDEA311CF6F82A003BD89C /* AppDelegate.m */ = {isa = PBXFileReference; lastKnownFileType = sourcecode.c.objc; path = AppDelegate.m; sourceTree = "<group>"; };
		34BDEA331CF6F82A003BD89C /* ViewController.h */ = {isa = PBXFileReference; lastKnownFileType = sourcecode.c.h; path = ViewController.h; sourceTree = "<group>"; };
		34BDEA341CF6F82A003BD89C /* ViewController.m */ = {isa = PBXFileReference; lastKnownFileType = sourcecode.c.objc; path = ViewController.m; sourceTree = "<group>"; };
		34BDEA371CF6F82A003BD89C /* Base */ = {isa = PBXFileReference; lastKnownFileType = file.storyboard; name = Base; path = Base.lproj/Main.storyboard; sourceTree = "<group>"; };
		34BDEA391CF6F82A003BD89C /* Assets.xcassets */ = {isa = PBXFileReference; lastKnownFileType = folder.assetcatalog; path = Assets.xcassets; sourceTree = "<group>"; };
		34BDEA3C1CF6F82A003BD89C /* Base */ = {isa = PBXFileReference; lastKnownFileType = file.storyboard; name = Base; path = Base.lproj/LaunchScreen.storyboard; sourceTree = "<group>"; };
		34BDEA3E1CF6F82A003BD89C /* Info.plist */ = {isa = PBXFileReference; lastKnownFileType = text.plist.xml; path = Info.plist; sourceTree = "<group>"; };
/* End PBXFileReference section */

/* Begin PBXFrameworksBuildPhase section */
		34BDEA271CF6F82A003BD89C /* Frameworks */ = {
			isa = PBXFrameworksBuildPhase;
			buildActionMask = 2147483647;
			files = (
			);
			runOnlyForDeploymentPostprocessing = 0;
		};
/* End PBXFrameworksBuildPhase section */

/* Begin PBXGroup section */
		34BDEA211CF6F82A003BD89C = {
			isa = PBXGroup;
			children = (
				34BDEA2C1CF6F82A003BD89C /* Test */,
				34BDEA2B1CF6F82A003BD89C /* Products */,
			);
			sourceTree = "<group>";
		};
		34BDEA2B1CF6F82A003BD89C /* Products */ = {
			isa = PBXGroup;
			children = (
				34BDEA2A1CF6F82A003BD89C /* Test.app */,
			);
			name = Products;
			sourceTree = "<group>";
		};
		34BDEA2C1CF6F82A003BD89C /* Test */ = {
			isa = PBXGroup;
			children = (
				34BDEA301CF6F82A003BD89C /* AppDelegate.h */,
				34BDEA311CF6F82A003BD89C /* AppDelegate.m */,
				34BDEA331CF6F82A003BD89C /* ViewController.h */,
				34BDEA341CF6F82A003BD89C /* ViewController.m */,
				34BDEA361CF6F82A003BD89C /* Main.storyboard */,
				34BDEA391CF6F82A003BD89C /* Assets.xcassets */,
				34BDEA3B1CF6F82A003BD89C /* LaunchScreen.storyboard */,
				34BDEA3E1CF6F82A003BD89C /* Info.plist */,
				34BDEA2D1CF6F82A003BD89C /* Supporting Files */,
			);
			path = Test;
			sourceTree = "<group>";
		};
		34BDEA2D1CF6F82A003BD89C /* Supporting Files */ = {
			isa = PBXGroup;
			children = (
				34BDEA2E1CF6F82A003BD89C /* main.m */,
			);
			name = "Supporting Files";
			sourceTree = "<group>";
		};
/* End PBXGroup section */

/* Begin PBXNativeTarget section */
		34BDEA291CF6F82A003BD89C /* Test */ = {
			isa = PBXNativeTarget;
			buildConfigurationList = 34BDEA411CF6F82A003BD89C /* Build configuration list for PBXNativeTarget "Test" */;
			buildPhases = (
				34BDEA261CF6F82A003BD89C /* Sources */,
				34BDEA271CF6F82A003BD89C /* Frameworks */,
				34BDEA281CF6F82A003BD89C /* Resources */,
			);
			buildRules = (
			);
			dependencies = (
			);
			name = Test;
			productName = Test;
			productReference = 34BDEA2A1CF6F82A003BD89C /* Test.app */;
			productType = "com.apple.product-type.application";
		};
/* End PBXNativeTarget section */

/* Begin PBXProject section */
		34BDEA221CF6F82A003BD89C /* Project object */ = {
			isa = PBXProject;
			attributes = {
				LastUpgradeCheck = 0720;
				ORGANIZATIONNAME = lanou3g;
				TargetAttributes = {
					34BDEA291CF6F82A003BD89C = {
						CreatedOnToolsVersion = 7.2;
					};
				};
			};
			buildConfigurationList = 34BDEA251CF6F82A003BD89C /* Build configuration list for PBXProject "Test" */;
			compatibilityVersion = "Xcode 3.2";
			developmentRegion = English;
			hasScannedForEncodings = 0;
			knownRegions = (
				en,
				Base,
			);
			mainGroup = 34BDEA211CF6F82A003BD89C;
			productRefGroup = 34BDEA2B1CF6F82A003BD89C /* Products */;
			projectDirPath = "";
			projectRoot = "";
			targets = (
				34BDEA291CF6F82A003BD89C /* Test */,
			);
		};
/* End PBXProject section */

/* Begin PBXResourcesBuildPhase section */
		34BDEA281CF6F82A003BD89C /* Resources */ = {
			isa = PBXResourcesBuildPhase;
			buildActionMask = 2147483647;
			files = (
				34BDEA3D1CF6F82A003BD89C /* LaunchScreen.storyboard in Resources */,
				34BDEA3A1CF6F82A003BD89C /* Assets.xcassets in Resources */,
				34BDEA381CF6F82A003BD89C /* Main.storyboard in Resources */,
			);
			runOnlyForDeploymentPostprocessing = 0;
		};
/* End PBXResourcesBuildPhase section */

/* Begin PBXSourcesBuildPhase section */
		34BDEA261CF6F82A003BD89C /* Sources */ = {
			isa = PBXSourcesBuildPhase;
			buildActionMask = 2147483647;
			files = (
				34BDEA351CF6F82A003BD89C /* ViewController.m in Sources */,
				34BDEA321CF6F82A003BD89C /* AppDelegate.m in Sources */,
				34BDEA2F1CF6F82A003BD89C /* main.m in Sources */,
			);
			runOnlyForDeploymentPostprocessing = 0;
		};
/* End PBXSourcesBuildPhase section */

/* Begin PBXVariantGroup section */
		34BDEA361CF6F82A003BD89C /* Main.storyboard */ = {
			isa = PBXVariantGroup;
			children = (
				34BDEA371CF6F82A003BD89C /* Base */,
			);
			name = Main.storyboard;
			sourceTree = "<group>";
		};
		34BDEA3B1CF6F82A003BD89C /* LaunchScreen.storyboard */ = {
			isa = PBXVariantGroup;
			children = (
				34BDEA3C1CF6F82A003BD89C /* Base */,
			);
			name = LaunchScreen.storyboard;
			sourceTree = "<group>";
		};
/* End PBXVariantGroup section */

/* Begin XCBuildConfiguration section */
		34BDEA3F1CF6F82A003BD89C /* Debug */ = {
			isa = XCBuildConfiguration;
			buildSettings = {
				ALWAYS_SEARCH_USER_PATHS = NO;
				CLANG_CXX_LANGUAGE_STANDARD = "gnu++0x";
				CLANG_CXX_LIBRARY = "libc++";
				CLANG_ENABLE_MODULES = YES;
				CLANG_ENABLE_OBJC_ARC = YES;
				CLANG_WARN_BOOL_CONVERSION = YES;
				CLANG_WARN_CONSTANT_CONVERSION = YES;
				CLANG_WARN_DIRECT_OBJC_ISA_USAGE = YES_ERROR;
				CLANG_WARN_EMPTY_BODY = YES;
				CLANG_WARN_ENUM_CONVERSION = YES;
				CLANG_WARN_INT_CONVERSION = YES;
				CLANG_WARN_OBJC_ROOT_CLASS = YES_ERROR;
				CLANG_WARN_UNREACHABLE_CODE = YES;
				CLANG_WARN__DUPLICATE_METHOD_MATCH = YES;
				"CODE_SIGN_IDENTITY[sdk=iphoneos*]" = "iPhone Developer";
				COPY_PHASE_STRIP = NO;
				DEBUG_INFORMATION_FORMAT = dwarf;
				ENABLE_STRICT_OBJC_MSGSEND = YES;
				ENABLE_TESTABILITY = YES;
				GCC_C_LANGUAGE_STANDARD = gnu99;
				GCC_DYNAMIC_NO_PIC = NO;
				GCC_NO_COMMON_BLOCKS = YES;
				GCC_OPTIMIZATION_LEVEL = 0;
				GCC_PREPROCESSOR_DEFINITIONS = (
					"DEBUG=1",
					"$(inherited)",
				);
				GCC_WARN_64_TO_32_BIT_CONVERSION = YES;
				GCC_WARN_ABOUT_RETURN_TYPE = YES_ERROR;
				GCC_WARN_UNDECLARED_SELECTOR = YES;
				GCC_WARN_UNINITIALIZED_AUTOS = YES_AGGRESSIVE;
				GCC_WARN_UNUSED_FUNCTION = YES;
				GCC_WARN_UNUSED_VARIABLE = YES;
				IPHONEOS_DEPLOYMENT_TARGET = 9.2;
				MTL_ENABLE_DEBUG_INFO = YES;
				ONLY_ACTIVE_ARCH = YES;
				SDKROOT = iphoneos;
			};
			name = Debug;
		};
		34BDEA401CF6F82A003BD89C /* Release */ = {
			isa = XCBuildConfiguration;
			buildSettings = {
				ALWAYS_SEARCH_USER_PATHS = NO;
				CLANG_CXX_LANGUAGE_STANDARD = "gnu++0x";
				CLANG_CXX_LIBRARY = "libc++";
				CLANG_ENABLE_MODULES = YES;
				CLANG_ENABLE_OBJC_ARC = YES;
				CLANG_WARN_BOOL_CONVERSION = YES;
				CLANG_WARN_CONSTANT_CONVERSION = YES;
				CLANG_WARN_DIRECT_OBJC_ISA_USAGE = YES_ERROR;
				CLANG_WARN_EMPTY_BODY = YES;
				CLANG_WARN_ENUM_CONVERSION = YES;
				CLANG_WARN_INT_CONVERSION = YES;
				CLANG_WARN_OBJC_ROOT_CLASS = YES_ERROR;
				CLANG_WARN_UNREACHABLE_CODE = YES;
				CLANG_WARN__DUPLICATE_METHOD_MATCH = YES;
				"CODE_SIGN_IDENTITY[sdk=iphoneos*]" = "iPhone Developer";
				COPY_PHASE_STRIP = NO;
				DEBUG_INFORMATION_FORMAT = "dwarf-with-dsym";
				ENABLE_NS_ASSERTIONS = NO;
				ENABLE_STRICT_OBJC_MSGSEND = YES;
				GCC_C_LANGUAGE_STANDARD = gnu99;
				GCC_NO_COMMON_BLOCKS = YES;
				GCC_WARN_64_TO_32_BIT_CONVERSION = YES;
				GCC_WARN_ABOUT_RETURN_TYPE = YES_ERROR;
				GCC_WARN_UNDECLARED_SELECTOR = YES;
				GCC_WARN_UNINITIALIZED_AUTOS = YES_AGGRESSIVE;
				GCC_WARN_UNUSED_FUNCTION = YES;
				GCC_WARN_UNUSED_VARIABLE = YES;
				IPHONEOS_DEPLOYMENT_TARGET = 9.2;
				MTL_ENABLE_DEBUG_INFO = NO;
				SDKROOT = iphoneos;
				VALIDATE_PRODUCT = YES;
			};
			name = Release;
		};
		34BDEA421CF6F82A003BD89C /* Debug */ = {
			isa = XCBuildConfiguration;
			buildSettings = {
				ASSETCATALOG_COMPILER_APPICON_NAME = AppIcon;
				INFOPLIST_FILE = Test/Info.plist;
				LD_RUNPATH_SEARCH_PATHS = "$(inherited) @executable_path/Frameworks";
				PRODUCT_BUNDLE_IDENTIFIER = com.lanou3g.Test;
				PRODUCT_NAME = "$(TARGET_NAME)";
			};
			name = Debug;
		};
		34BDEA431CF6F82A003BD89C /* Release */ = {
			isa = XCBuildConfiguration;
			buildSettings = {
				ASSETCATALOG_COMPILER_APPICON_NAME = AppIcon;
				INFOPLIST_FILE = Test/Info.plist;
				LD_RUNPATH_SEARCH_PATHS = "$(inherited) @executable_path/Frameworks";
				PRODUCT_BUNDLE_IDENTIFIER = com.lanou3g.Test;
				PRODUCT_NAME = "$(TARGET_NAME)";
			};
			name = Release;
		};
/* End XCBuildConfiguration section */

/* Begin XCConfigurationList section */
		34BDEA251CF6F82A003BD89C /* Build configuration list for PBXProject "Test" */ = {
			isa = XCConfigurationList;
			buildConfigurations = (
				34BDEA3F1CF6F82A003BD89C /* Debug */,
				34BDEA401CF6F82A003BD89C /* Release */,
			);
			defaultConfigurationIsVisible = 0;
			defaultConfigurationName = Release;
		};
		34BDEA411CF6F82A003BD89C /* Build configuration list for PBXNativeTarget "Test" */ = {
			isa = XCConfigurationList;
			buildConfigurations = (
				34BDEA421CF6F82A003BD89C /* Debug */,
				34BDEA431CF6F82A003BD89C /* Release */,
			);
			defaultConfigurationIsVisible = 0;
		};
/* End XCConfigurationList section */
	};
	rootObject = 34BDEA221CF6F82A003BD89C /* Project object */;
}
